
Microsoft Visual Studio Solution File, Format Version 12.00
# Visual Studio 15
VisualStudioVersion = 15.0.28307.1082
MinimumVisualStudioVersion = 10.0.40219.1
Project("{FAE04EC0-301F-11D3-BF4B-00C04F79EFBC}") = "AutomoveisLocadora", "AutomoveisLocadora\AutomoveisLocadora.csproj", "{CDA4CD5B-0FE0-42E9-9385-25E3829424A7}"
EndProject
Global
	GlobalSection(SolutionConfigurationPlatforms) = preSolution
		Debug|Any CPU = Debug|Any CPU
		Release|Any CPU = Release|Any CPU
	EndGlobalSection
	GlobalSection(ProjectConfigurationPlatforms) = postSolution
		{CDA4CD5B-0FE0-42E9-9385-25E3829424A7}.Debug|Any CPU.ActiveCfg = Debug|Any CPU
		{CDA4CD5B-0FE0-42E9-9385-25E3829424A7}.Debug|Any CPU.Build.0 = Debug|Any CPU
		{CDA4CD5B-0FE0-42E9-9385-25E3829424A7}.Release|Any CPU.ActiveCfg = Release|Any CPU
		{CDA4CD5B-0FE0-42E9-9385-25E3829424A7}.Release|Any CPU.Build.0 = Release|Any CPU
	EndGlobalSection
	GlobalSection(SolutionProperties) = preSolution
		HideSolutionNode = FALSE
	EndGlobalSection
	GlobalSection(ExtensibilityGlobals) = postSolution
		SolutionGuid = {E0744FE3-E7E1-44BD-A954-73A8C23EB881}
	EndGlobalSection
EndGlobal
